
Microsoft Visual Studio Solution File, Format Version 12.00
# Visual Studio Version 17
VisualStudioVersion = 17.11.35312.102
MinimumVisualStudioVersion = 10.0.40219.1
Project("{FAE04EC0-301F-11D3-BF4B-00C04F79EFBC}") = "BlazorOE01", "BlazorOE01.csproj", "{BCF40EBC-73BF-443D-8EBC-EB3F557BADCD}"
EndProject
Global
	GlobalSection(SolutionConfigurationPlatforms) = preSolution
		Debug|Any CPU = Debug|Any CPU
		Release|Any CPU = Release|Any CPU
	EndGlobalSection
	GlobalSection(ProjectConfigurationPlatforms) = postSolution
		{BCF40EBC-73BF-443D-8EBC-EB3F557BADCD}.Debug|Any CPU.ActiveCfg = Debug|Any CPU
		{BCF40EBC-73BF-443D-8EBC-EB3F557BADCD}.Debug|Any CPU.Build.0 = Debug|Any CPU
		{BCF40EBC-73BF-443D-8EBC-EB3F557BADCD}.Release|Any CPU.ActiveCfg = Release|Any CPU
		{BCF40EBC-73BF-443D-8EBC-EB3F557BADCD}.Release|Any CPU.Build.0 = Release|Any CPU
	EndGlobalSection
	GlobalSection(SolutionProperties) = preSolution
		HideSolutionNode = FALSE
	EndGlobalSection
	GlobalSection(ExtensibilityGlobals) = postSolution
		SolutionGuid = {B5EE852D-AB25-437E-A0B8-A32677001286}
	EndGlobalSection
EndGlobal
